
Microsoft Visual Studio Solution File, Format Version 12.00
# Visual Studio Version 17
VisualStudioVersion = 17.11.35312.102
MinimumVisualStudioVersion = 10.0.40219.1
Project("{FAE04EC0-301F-11D3-BF4B-00C04F79EFBC}") = "PhoneBook", "PhoneBook\PhoneBook.csproj", "{95B15AC0-7469-4B1D-8CDB-F17CFF4210CE}"
EndProject
Global
	GlobalSection(SolutionConfigurationPlatforms) = preSolution
		Debug|Any CPU = Debug|Any CPU
		Release|Any CPU = Release|Any CPU
	EndGlobalSection
	GlobalSection(ProjectConfigurationPlatforms) = postSolution
		{95B15AC0-7469-4B1D-8CDB-F17CFF4210CE}.Debug|Any CPU.ActiveCfg = Debug|Any CPU
		{95B15AC0-7469-4B1D-8CDB-F17CFF4210CE}.Debug|Any CPU.Build.0 = Debug|Any CPU
		{95B15AC0-7469-4B1D-8CDB-F17CFF4210CE}.Release|Any CPU.ActiveCfg = Release|Any CPU
		{95B15AC0-7469-4B1D-8CDB-F17CFF4210CE}.Release|Any CPU.Build.0 = Release|Any CPU
	EndGlobalSection
	GlobalSection(SolutionProperties) = preSolution
		HideSolutionNode = FALSE
	EndGlobalSection
	GlobalSection(ExtensibilityGlobals) = postSolution
		SolutionGuid = {0E801A16-7CE2-4672-A6AD-1996C6F02065}
	EndGlobalSection
EndGlobal
